
Microsoft Visual Studio Solution File, Format Version 12.00
# Visual Studio 14
VisualStudioVersion = 14.0.25420.1
MinimumVisualStudioVersion = 10.0.40219.1
Project("{FAE04EC0-301F-11D3-BF4B-00C04F79EFBC}") = "CSharpRecipe", "CSharpRecipe\CSharpRecipe.csproj", "{045A2281-7C42-48FA-A30F-C8800B8015BC}"
EndProject
Project("{FAE04EC0-301F-11D3-BF4B-00C04F79EFBC}") = "Recipe.ClassAndGeneric", "Recipe.ClassAndGeneric\Recipe.ClassAndGeneric.csproj", "{30D178CA-678F-480B-9C1A-E3A3FBBB7E29}"
EndProject
Project("{FAE04EC0-301F-11D3-BF4B-00C04F79EFBC}") = "Recipe.IteratorAndEnumerator", "Recipe.IteratorAndEnumerator\Recipe.IteratorAndEnumerator.csproj", "{6B896719-A6DB-4F9B-8A42-2CC00EF1E107}"
EndProject
Project("{FAE04EC0-301F-11D3-BF4B-00C04F79EFBC}") = "Recipe.DataType", "Recipe.DataType\Recipe.DataType.csproj", "{BCC7D475-3782-4BDB-9A91-B598117A4D87}"
EndProject
Project("{FAE04EC0-301F-11D3-BF4B-00C04F79EFBC}") = "Recipe.LambdaAndLinq", "Recipe.LamdaAndLinq\Recipe.LambdaAndLinq.csproj", "{ED8E729F-8B69-4121-994A-D4E5014C6461}"
EndProject
Project("{FAE04EC0-301F-11D3-BF4B-00C04F79EFBC}") = "Recipe.DebugAndException", "Recipe.DebugAndException\Recipe.DebugAndException.csproj", "{6201768E-8DC5-4FE6-9CCA-FA9F199D4D40}"
EndProject
Global
	GlobalSection(SolutionConfigurationPlatforms) = preSolution
		Debug|Any CPU = Debug|Any CPU
		Release|Any CPU = Release|Any CPU
	EndGlobalSection
	GlobalSection(ProjectConfigurationPlatforms) = postSolution
		{045A2281-7C42-48FA-A30F-C8800B8015BC}.Debug|Any CPU.ActiveCfg = Debug|Any CPU
		{045A2281-7C42-48FA-A30F-C8800B8015BC}.Debug|Any CPU.Build.0 = Debug|Any CPU
		{045A2281-7C42-48FA-A30F-C8800B8015BC}.Release|Any CPU.ActiveCfg = Release|Any CPU
		{045A2281-7C42-48FA-A30F-C8800B8015BC}.Release|Any CPU.Build.0 = Release|Any CPU
		{30D178CA-678F-480B-9C1A-E3A3FBBB7E29}.Debug|Any CPU.ActiveCfg = Debug|Any CPU
		{30D178CA-678F-480B-9C1A-E3A3FBBB7E29}.Debug|Any CPU.Build.0 = Debug|Any CPU
		{30D178CA-678F-480B-9C1A-E3A3FBBB7E29}.Release|Any CPU.ActiveCfg = Release|Any CPU
		{30D178CA-678F-480B-9C1A-E3A3FBBB7E29}.Release|Any CPU.Build.0 = Release|Any CPU
		{6B896719-A6DB-4F9B-8A42-2CC00EF1E107}.Debug|Any CPU.ActiveCfg = Debug|Any CPU
		{6B896719-A6DB-4F9B-8A42-2CC00EF1E107}.Debug|Any CPU.Build.0 = Debug|Any CPU
		{6B896719-A6DB-4F9B-8A42-2CC00EF1E107}.Release|Any CPU.ActiveCfg = Release|Any CPU
		{6B896719-A6DB-4F9B-8A42-2CC00EF1E107}.Release|Any CPU.Build.0 = Release|Any CPU
		{BCC7D475-3782-4BDB-9A91-B598117A4D87}.Debug|Any CPU.ActiveCfg = Debug|Any CPU
		{BCC7D475-3782-4BDB-9A91-B598117A4D87}.Debug|Any CPU.Build.0 = Debug|Any CPU
		{BCC7D475-3782-4BDB-9A91-B598117A4D87}.Release|Any CPU.ActiveCfg = Release|Any CPU
		{BCC7D475-3782-4BDB-9A91-B598117A4D87}.Release|Any CPU.Build.0 = Release|Any CPU
		{ED8E729F-8B69-4121-994A-D4E5014C6461}.Debug|Any CPU.ActiveCfg = Debug|Any CPU
		{ED8E729F-8B69-4121-994A-D4E5014C6461}.Debug|Any CPU.Build.0 = Debug|Any CPU
		{ED8E729F-8B69-4121-994A-D4E5014C6461}.Release|Any CPU.ActiveCfg = Release|Any CPU
		{ED8E729F-8B69-4121-994A-D4E5014C6461}.Release|Any CPU.Build.0 = Release|Any CPU
		{6201768E-8DC5-4FE6-9CCA-FA9F199D4D40}.Debug|Any CPU.ActiveCfg = Debug|Any CPU
		{6201768E-8DC5-4FE6-9CCA-FA9F199D4D40}.Debug|Any CPU.Build.0 = Debug|Any CPU
		{6201768E-8DC5-4FE6-9CCA-FA9F199D4D40}.Release|Any CPU.ActiveCfg = Release|Any CPU
		{6201768E-8DC5-4FE6-9CCA-FA9F199D4D40}.Release|Any CPU.Build.0 = Release|Any CPU
	EndGlobalSection
	GlobalSection(SolutionProperties) = preSolution
		HideSolutionNode = FALSE
	EndGlobalSection
EndGlobal
